
Microsoft Visual Studio Solution File, Format Version 12.00
# Visual Studio Version 17
VisualStudioVersion = 17.10.35013.160
MinimumVisualStudioVersion = 10.0.40219.1
Project("{9A19103F-16F7-4668-BE54-9A1E7A4F7556}") = "RecruitmentManager", "RecruitmentManager\RecruitmentManager.csproj", "{71226B25-838E-4FF1-8E8F-F5944F036A0A}"
EndProject
Project("{9A19103F-16F7-4668-BE54-9A1E7A4F7556}") = "RecruitmentManager.Client", "RecruitmentManager.Client\RecruitmentManager.Client.csproj", "{9D5E5923-3E80-494C-9C35-382728FB2ED2}"
EndProject
Global
	GlobalSection(SolutionConfigurationPlatforms) = preSolution
		Debug|Any CPU = Debug|Any CPU
		Release|Any CPU = Release|Any CPU
	EndGlobalSection
	GlobalSection(ProjectConfigurationPlatforms) = postSolution
		{71226B25-838E-4FF1-8E8F-F5944F036A0A}.Debug|Any CPU.ActiveCfg = Debug|Any CPU
		{71226B25-838E-4FF1-8E8F-F5944F036A0A}.Debug|Any CPU.Build.0 = Debug|Any CPU
		{71226B25-838E-4FF1-8E8F-F5944F036A0A}.Release|Any CPU.ActiveCfg = Release|Any CPU
		{71226B25-838E-4FF1-8E8F-F5944F036A0A}.Release|Any CPU.Build.0 = Release|Any CPU
		{9D5E5923-3E80-494C-9C35-382728FB2ED2}.Debug|Any CPU.ActiveCfg = Debug|Any CPU
		{9D5E5923-3E80-494C-9C35-382728FB2ED2}.Debug|Any CPU.Build.0 = Debug|Any CPU
		{9D5E5923-3E80-494C-9C35-382728FB2ED2}.Release|Any CPU.ActiveCfg = Release|Any CPU
		{9D5E5923-3E80-494C-9C35-382728FB2ED2}.Release|Any CPU.Build.0 = Release|Any CPU
	EndGlobalSection
	GlobalSection(SolutionProperties) = preSolution
		HideSolutionNode = FALSE
	EndGlobalSection
	GlobalSection(ExtensibilityGlobals) = postSolution
		SolutionGuid = {BA984D5C-17E8-463F-938E-0E68E6014B35}
	EndGlobalSection
EndGlobal
